// !$*UTF8*$!
{
	archiveVersion = 1;
	classes = {
	};
	objectVersion = 48;
	objects = {

/* Begin PBXBuildFile section */
		3A0792001FD21D970013DAA6 /* main.cpp in Sources */ = {isa = PBXBuildFile; fileRef = 3A0791FF1FD21D970013DAA6 /* main.cpp */; };
/* End PBXBuildFile section */

/* Begin PBXCopyFilesBuildPhase section */
		3A0791FA1FD21D970013DAA6 /* CopyFiles */ = {
			isa = PBXCopyFilesBuildPhase;
			buildActionMask = 2147483647;
			dstPath = /usr/share/man/man1/;
			dstSubfolderSpec = 0;
			files = (
			);
			runOnlyForDeploymentPostprocessing = 1;
		};
/* End PBXCopyFilesBuildPhase section */

/* Begin PBXFileReference section */
		3A0791FC1FD21D970013DAA6 /* trading_system */ = {isa = PBXFileReference; explicitFileType = "compiled.mach-o.executable"; includeInIndex = 0; path = trading_system; sourceTree = BUILT_PRODUCTS_DIR; };
		3A0791FF1FD21D970013DAA6 /* main.cpp */ = {isa = PBXFileReference; lastKnownFileType = sourcecode.cpp.cpp; path = main.cpp; sourceTree = "<group>"; };
		3A0792211FD344C10013DAA6 /* products.hpp */ = {isa = PBXFileReference; fileEncoding = 4; indentWidth = 2; lastKnownFileType = sourcecode.cpp.h; path = products.hpp; sourceTree = "<group>"; tabWidth = 2; };
		3A0792221FD344C10013DAA6 /* inquiryservice.hpp */ = {isa = PBXFileReference; fileEncoding = 4; indentWidth = 2; lastKnownFileType = sourcecode.cpp.h; path = inquiryservice.hpp; sourceTree = "<group>"; tabWidth = 2; };
		3A0792231FD344C10013DAA6 /* historicaldataservice.hpp */ = {isa = PBXFileReference; fileEncoding = 4; lastKnownFileType = sourcecode.cpp.h; path = historicaldataservice.hpp; sourceTree = "<group>"; };
		3A0792241FD344C10013DAA6 /* soa.hpp */ = {isa = PBXFileReference; fileEncoding = 4; lastKnownFileType = sourcecode.cpp.h; path = soa.hpp; sourceTree = "<group>"; };
		3A0792251FD344C10013DAA6 /* positionservice.hpp */ = {isa = PBXFileReference; fileEncoding = 4; indentWidth = 2; lastKnownFileType = sourcecode.cpp.h; path = positionservice.hpp; sourceTree = "<group>"; tabWidth = 2; };
		3A0792261FD344C10013DAA6 /* pricingservice.hpp */ = {isa = PBXFileReference; fileEncoding = 4; indentWidth = 2; lastKnownFileType = sourcecode.cpp.h; path = pricingservice.hpp; sourceTree = "<group>"; tabWidth = 2; };
		3A0792271FD344C10013DAA6 /* marketdataservice.hpp */ = {isa = PBXFileReference; fileEncoding = 4; lastKnownFileType = sourcecode.cpp.h; path = marketdataservice.hpp; sourceTree = "<group>"; };
		3A0792281FD344C10013DAA6 /* tradebookingservice.hpp */ = {isa = PBXFileReference; fileEncoding = 4; indentWidth = 2; lastKnownFileType = sourcecode.cpp.h; path = tradebookingservice.hpp; sourceTree = "<group>"; tabWidth = 2; };
		3A0792291FD344C10013DAA6 /* executionservice.hpp */ = {isa = PBXFileReference; fileEncoding = 4; lastKnownFileType = sourcecode.cpp.h; path = executionservice.hpp; sourceTree = "<group>"; };
		3A07922A1FD344C10013DAA6 /* riskservice.hpp */ = {isa = PBXFileReference; fileEncoding = 4; lastKnownFileType = sourcecode.cpp.h; path = riskservice.hpp; sourceTree = "<group>"; };
		3A07922B1FD344C10013DAA6 /* streamingservice.hpp */ = {isa = PBXFileReference; fileEncoding = 4; indentWidth = 2; lastKnownFileType = sourcecode.cpp.h; path = streamingservice.hpp; sourceTree = "<group>"; tabWidth = 2; };
		3A0792321FDDE84F0013DAA6 /* utils.hpp */ = {isa = PBXFileReference; fileEncoding = 4; lastKnownFileType = sourcecode.cpp.h; path = utils.hpp; sourceTree = "<group>"; };
		3A0792371FDDEB890013DAA6 /* config.hpp */ = {isa = PBXFileReference; fileEncoding = 4; lastKnownFileType = sourcecode.cpp.h; path = config.hpp; sourceTree = "<group>"; };
		3A0792391FDE017F0013DAA6 /* BondPositionService.hpp */ = {isa = PBXFileReference; fileEncoding = 4; lastKnownFileType = sourcecode.cpp.h; path = BondPositionService.hpp; sourceTree = "<group>"; };
		3A07923B1FDE017F0013DAA6 /* BondPricingService.hpp */ = {isa = PBXFileReference; fileEncoding = 4; lastKnownFileType = sourcecode.cpp.h; path = BondPricingService.hpp; sourceTree = "<group>"; };
		3A07923C1FDE01800013DAA6 /* BondTradeBookingService.hpp */ = {isa = PBXFileReference; fileEncoding = 4; lastKnownFileType = sourcecode.cpp.h; path = BondTradeBookingService.hpp; sourceTree = "<group>"; };
		3A0792471FDF39820013DAA6 /* BondInquiryService.hpp */ = {isa = PBXFileReference; fileEncoding = 4; lastKnownFileType = sourcecode.cpp.h; path = BondInquiryService.hpp; sourceTree = "<group>"; };
		3A0792491FDF550D0013DAA6 /* BondRiskService.hpp */ = {isa = PBXFileReference; lastKnownFileType = sourcecode.cpp.h; path = BondRiskService.hpp; sourceTree = "<group>"; };
		3A07924C1FDF78B30013DAA6 /* BondMarketDataService.hpp */ = {isa = PBXFileReference; lastKnownFileType = sourcecode.cpp.h; path = BondMarketDataService.hpp; sourceTree = "<group>"; };
		3A07924F1FE25BB50013DAA6 /* BondAlgoExecutionService.hpp */ = {isa = PBXFileReference; lastKnownFileType = sourcecode.cpp.h; path = BondAlgoExecutionService.hpp; sourceTree = "<group>"; };
		3A0792551FE2654B0013DAA6 /* BondStreamingService.hpp */ = {isa = PBXFileReference; lastKnownFileType = sourcecode.cpp.h; path = BondStreamingService.hpp; sourceTree = "<group>"; };
		3A0792581FE265630013DAA6 /* BondHistoricalDataService.hpp */ = {isa = PBXFileReference; lastKnownFileType = sourcecode.cpp.h; path = BondHistoricalDataService.hpp; sourceTree = "<group>"; };
		3A07925B1FE265860013DAA6 /* GUIService.hpp */ = {isa = PBXFileReference; lastKnownFileType = sourcecode.cpp.h; path = GUIService.hpp; sourceTree = "<group>"; };
		3A0792601FE3858C0013DAA6 /* BondExecutionService.hpp */ = {isa = PBXFileReference; lastKnownFileType = sourcecode.cpp.h; path = BondExecutionService.hpp; sourceTree = "<group>"; };
		3A0792631FE3BA550013DAA6 /* BondAlgoStreammingService.hpp */ = {isa = PBXFileReference; lastKnownFileType = sourcecode.cpp.h; path = BondAlgoStreammingService.hpp; sourceTree = "<group>"; };
/* End PBXFileReference section */

/* Begin PBXFrameworksBuildPhase section */
		3A0791F91FD21D970013DAA6 /* Frameworks */ = {
			isa = PBXFrameworksBuildPhase;
			buildActionMask = 2147483647;
			files = (
			);
			runOnlyForDeploymentPostprocessing = 0;
		};
/* End PBXFrameworksBuildPhase section */

/* Begin PBXGroup section */
		3A0791F31FD21D970013DAA6 = {
			isa = PBXGroup;
			children = (
				3A0791FE1FD21D970013DAA6 /* trading_system */,
				3A0791FD1FD21D970013DAA6 /* Products */,
			);
			sourceTree = "<group>";
		};
		3A0791FD1FD21D970013DAA6 /* Products */ = {
			isa = PBXGroup;
			children = (
				3A0791FC1FD21D970013DAA6 /* trading_system */,
			);
			name = Products;
			sourceTree = "<group>";
		};
		3A0791FE1FD21D970013DAA6 /* trading_system */ = {
			isa = PBXGroup;
			children = (
				3A0792061FD21DA00013DAA6 /* src */,
			);
			path = trading_system;
			sourceTree = "<group>";
		};
		3A0792061FD21DA00013DAA6 /* src */ = {
			isa = PBXGroup;
			children = (
				3A0792471FDF39820013DAA6 /* BondInquiryService.hpp */,
				3A0792391FDE017F0013DAA6 /* BondPositionService.hpp */,
				3A07923B1FDE017F0013DAA6 /* BondPricingService.hpp */,
				3A07923C1FDE01800013DAA6 /* BondTradeBookingService.hpp */,
				3A0792371FDDEB890013DAA6 /* config.hpp */,
				3A0792321FDDE84F0013DAA6 /* utils.hpp */,
				3A0791FF1FD21D970013DAA6 /* main.cpp */,
				3A0792491FDF550D0013DAA6 /* BondRiskService.hpp */,
				3A07924C1FDF78B30013DAA6 /* BondMarketDataService.hpp */,
				3A07924F1FE25BB50013DAA6 /* BondAlgoExecutionService.hpp */,
				3A0792551FE2654B0013DAA6 /* BondStreamingService.hpp */,
				3A0792631FE3BA550013DAA6 /* BondAlgoStreammingService.hpp */,
				3A0792581FE265630013DAA6 /* BondHistoricalDataService.hpp */,
				3A07925B1FE265860013DAA6 /* GUIService.hpp */,
				3A0792601FE3858C0013DAA6 /* BondExecutionService.hpp */,
				3A0792071FD21DB20013DAA6 /* soa_platform */,
			);
			path = src;
			sourceTree = "<group>";
		};
		3A0792071FD21DB20013DAA6 /* soa_platform */ = {
			isa = PBXGroup;
			children = (
				3A0792291FD344C10013DAA6 /* executionservice.hpp */,
				3A0792231FD344C10013DAA6 /* historicaldataservice.hpp */,
				3A0792221FD344C10013DAA6 /* inquiryservice.hpp */,
				3A0792271FD344C10013DAA6 /* marketdataservice.hpp */,
				3A0792251FD344C10013DAA6 /* positionservice.hpp */,
				3A0792261FD344C10013DAA6 /* pricingservice.hpp */,
				3A0792211FD344C10013DAA6 /* products.hpp */,
				3A07922A1FD344C10013DAA6 /* riskservice.hpp */,
				3A0792241FD344C10013DAA6 /* soa.hpp */,
				3A07922B1FD344C10013DAA6 /* streamingservice.hpp */,
				3A0792281FD344C10013DAA6 /* tradebookingservice.hpp */,
			);
			path = soa_platform;
			sourceTree = "<group>";
		};
/* End PBXGroup section */

/* Begin PBXNativeTarget section */
		3A0791FB1FD21D970013DAA6 /* trading_system */ = {
			isa = PBXNativeTarget;
			buildConfigurationList = 3A0792031FD21D970013DAA6 /* Build configuration list for PBXNativeTarget "trading_system" */;
			buildPhases = (
				3A0791F81FD21D970013DAA6 /* Sources */,
				3A0791F91FD21D970013DAA6 /* Frameworks */,
				3A0791FA1FD21D970013DAA6 /* CopyFiles */,
			);
			buildRules = (
			);
			dependencies = (
			);
			name = trading_system;
			productName = trading_system;
			productReference = 3A0791FC1FD21D970013DAA6 /* trading_system */;
			productType = "com.apple.product-type.tool";
		};
/* End PBXNativeTarget section */

/* Begin PBXProject section */
		3A0791F41FD21D970013DAA6 /* Project object */ = {
			isa = PBXProject;
			attributes = {
				LastUpgradeCheck = 0910;
				ORGANIZATIONNAME = "Yan Yan";
				TargetAttributes = {
					3A0791FB1FD21D970013DAA6 = {
						CreatedOnToolsVersion = 9.1;
						ProvisioningStyle = Automatic;
					};
				};
			};
			buildConfigurationList = 3A0791F71FD21D970013DAA6 /* Build configuration list for PBXProject "trading_system" */;
			compatibilityVersion = "Xcode 8.0";
			developmentRegion = en;
			hasScannedForEncodings = 0;
			knownRegions = (
				en,
			);
			mainGroup = 3A0791F31FD21D970013DAA6;
			productRefGroup = 3A0791FD1FD21D970013DAA6 /* Products */;
			projectDirPath = "";
			projectRoot = "";
			targets = (
				3A0791FB1FD21D970013DAA6 /* trading_system */,
			);
		};
/* End PBXProject section */

/* Begin PBXSourcesBuildPhase section */
		3A0791F81FD21D970013DAA6 /* Sources */ = {
			isa = PBXSourcesBuildPhase;
			buildActionMask = 2147483647;
			files = (
				3A0792001FD21D970013DAA6 /* main.cpp in Sources */,
			);
			runOnlyForDeploymentPostprocessing = 0;
		};
/* End PBXSourcesBuildPhase section */

/* Begin XCBuildConfiguration section */
		3A0792011FD21D970013DAA6 /* Debug */ = {
			isa = XCBuildConfiguration;
			buildSettings = {
				ALWAYS_SEARCH_USER_PATHS = NO;
				CLANG_ANALYZER_NONNULL = YES;
				CLANG_ANALYZER_NUMBER_OBJECT_CONVERSION = YES_AGGRESSIVE;
				CLANG_CXX_LANGUAGE_STANDARD = "gnu++14";
				CLANG_CXX_LIBRARY = "libc++";
				CLANG_ENABLE_MODULES = YES;
				CLANG_ENABLE_OBJC_ARC = YES;
				CLANG_WARN_BLOCK_CAPTURE_AUTORELEASING = YES;
				CLANG_WARN_BOOL_CONVERSION = YES;
				CLANG_WARN_COMMA = YES;
				CLANG_WARN_CONSTANT_CONVERSION = YES;
				CLANG_WARN_DIRECT_OBJC_ISA_USAGE = YES_ERROR;
				CLANG_WARN_DOCUMENTATION_COMMENTS = YES;
				CLANG_WARN_EMPTY_BODY = YES;
				CLANG_WARN_ENUM_CONVERSION = YES;
				CLANG_WARN_INFINITE_RECURSION = YES;
				CLANG_WARN_INT_CONVERSION = YES;
				CLANG_WARN_NON_LITERAL_NULL_CONVERSION = YES;
				CLANG_WARN_OBJC_LITERAL_CONVERSION = YES;
				CLANG_WARN_OBJC_ROOT_CLASS = YES_ERROR;
				CLANG_WARN_RANGE_LOOP_ANALYSIS = YES;
				CLANG_WARN_STRICT_PROTOTYPES = YES;
				CLANG_WARN_SUSPICIOUS_MOVE = YES;
				CLANG_WARN_UNGUARDED_AVAILABILITY = YES_AGGRESSIVE;
				CLANG_WARN_UNREACHABLE_CODE = YES;
				CLANG_WARN__DUPLICATE_METHOD_MATCH = YES;
				CODE_SIGN_IDENTITY = "-";
				COPY_PHASE_STRIP = NO;
				DEBUG_INFORMATION_FORMAT = dwarf;
				ENABLE_STRICT_OBJC_MSGSEND = YES;
				ENABLE_TESTABILITY = YES;
				GCC_C_LANGUAGE_STANDARD = gnu11;
				GCC_DYNAMIC_NO_PIC = NO;
				GCC_NO_COMMON_BLOCKS = YES;
				GCC_OPTIMIZATION_LEVEL = 0;
				GCC_PREPROCESSOR_DEFINITIONS = (
					"DEBUG=1",
					"$(inherited)",
				);
				GCC_WARN_64_TO_32_BIT_CONVERSION = YES;
				GCC_WARN_ABOUT_RETURN_TYPE = YES_ERROR;
				GCC_WARN_UNDECLARED_SELECTOR = YES;
				GCC_WARN_UNINITIALIZED_AUTOS = YES_AGGRESSIVE;
				GCC_WARN_UNUSED_FUNCTION = YES;
				GCC_WARN_UNUSED_VARIABLE = YES;
				MACOSX_DEPLOYMENT_TARGET = 10.13;
				MTL_ENABLE_DEBUG_INFO = YES;
				ONLY_ACTIVE_ARCH = YES;
				SDKROOT = macosx;
			};
			name = Debug;
		};
		3A0792021FD21D970013DAA6 /* Release */ = {
			isa = XCBuildConfiguration;
			buildSettings = {
				ALWAYS_SEARCH_USER_PATHS = NO;
				CLANG_ANALYZER_NONNULL = YES;
				CLANG_ANALYZER_NUMBER_OBJECT_CONVERSION = YES_AGGRESSIVE;
				CLANG_CXX_LANGUAGE_STANDARD = "gnu++14";
				CLANG_CXX_LIBRARY = "libc++";
				CLANG_ENABLE_MODULES = YES;
				CLANG_ENABLE_OBJC_ARC = YES;
				CLANG_WARN_BLOCK_CAPTURE_AUTORELEASING = YES;
				CLANG_WARN_BOOL_CONVERSION = YES;
				CLANG_WARN_COMMA = YES;
				CLANG_WARN_CONSTANT_CONVERSION = YES;
				CLANG_WARN_DIRECT_OBJC_ISA_USAGE = YES_ERROR;
				CLANG_WARN_DOCUMENTATION_COMMENTS = YES;
				CLANG_WARN_EMPTY_BODY = YES;
				CLANG_WARN_ENUM_CONVERSION = YES;
				CLANG_WARN_INFINITE_RECURSION = YES;
				CLANG_WARN_INT_CONVERSION = YES;
				CLANG_WARN_NON_LITERAL_NULL_CONVERSION = YES;
				CLANG_WARN_OBJC_LITERAL_CONVERSION = YES;
				CLANG_WARN_OBJC_ROOT_CLASS = YES_ERROR;
				CLANG_WARN_RANGE_LOOP_ANALYSIS = YES;
				CLANG_WARN_STRICT_PROTOTYPES = YES;
				CLANG_WARN_SUSPICIOUS_MOVE = YES;
				CLANG_WARN_UNGUARDED_AVAILABILITY = YES_AGGRESSIVE;
				CLANG_WARN_UNREACHABLE_CODE = YES;
				CLANG_WARN__DUPLICATE_METHOD_MATCH = YES;
				CODE_SIGN_IDENTITY = "-";
				COPY_PHASE_STRIP = NO;
				DEBUG_INFORMATION_FORMAT = "dwarf-with-dsym";
				ENABLE_NS_ASSERTIONS = NO;
				ENABLE_STRICT_OBJC_MSGSEND = YES;
				GCC_C_LANGUAGE_STANDARD = gnu11;
				GCC_NO_COMMON_BLOCKS = YES;
				GCC_WARN_64_TO_32_BIT_CONVERSION = YES;
				GCC_WARN_ABOUT_RETURN_TYPE = YES_ERROR;
				GCC_WARN_UNDECLARED_SELECTOR = YES;
				GCC_WARN_UNINITIALIZED_AUTOS = YES_AGGRESSIVE;
				GCC_WARN_UNUSED_FUNCTION = YES;
				GCC_WARN_UNUSED_VARIABLE = YES;
				MACOSX_DEPLOYMENT_TARGET = 10.13;
				MTL_ENABLE_DEBUG_INFO = NO;
				SDKROOT = macosx;
			};
			name = Release;
		};
		3A0792041FD21D970013DAA6 /* Debug */ = {
			isa = XCBuildConfiguration;
			buildSettings = {
				CODE_SIGN_STYLE = Automatic;
				HEADER_SEARCH_PATHS = /Users/yanyan/Downloads/boost_1_51_0;
				LIBRARY_SEARCH_PATHS = /Users/yanyan/Downloads/boost_1_51_0/libs;
				PRODUCT_NAME = "$(TARGET_NAME)";
			};
			name = Debug;
		};
		3A0792051FD21D970013DAA6 /* Release */ = {
			isa = XCBuildConfiguration;
			buildSettings = {
				CODE_SIGN_STYLE = Automatic;
				HEADER_SEARCH_PATHS = /Users/yanyan/Downloads/boost_1_51_0;
				LIBRARY_SEARCH_PATHS = /Users/yanyan/Downloads/boost_1_51_0/libs;
				PRODUCT_NAME = "$(TARGET_NAME)";
			};
			name = Release;
		};
/* End XCBuildConfiguration section */

/* Begin XCConfigurationList section */
		3A0791F71FD21D970013DAA6 /* Build configuration list for PBXProject "trading_system" */ = {
			isa = XCConfigurationList;
			buildConfigurations = (
				3A0792011FD21D970013DAA6 /* Debug */,
				3A0792021FD21D970013DAA6 /* Release */,
			);
			defaultConfigurationIsVisible = 0;
			defaultConfigurationName = Release;
		};
		3A0792031FD21D970013DAA6 /* Build configuration list for PBXNativeTarget "trading_system" */ = {
			isa = XCConfigurationList;
			buildConfigurations = (
				3A0792041FD21D970013DAA6 /* Debug */,
				3A0792051FD21D970013DAA6 /* Release */,
			);
			defaultConfigurationIsVisible = 0;
			defaultConfigurationName = Release;
		};
/* End XCConfigurationList section */
	};
	rootObject = 3A0791F41FD21D970013DAA6 /* Project object */;
}
